
Microsoft Visual Studio Solution File, Format Version 12.00
# Visual Studio Version 17
VisualStudioVersion = 17.4.33103.184
MinimumVisualStudioVersion = 10.0.40219.1
Project("{9A19103F-16F7-4668-BE54-9A1E7A4F7556}") = "Links_Clients", "..\Links_Clients\Links_Clients.csproj", "{1EC12079-323A-4960-ACAE-12959A861EC6}"
EndProject
Project("{9A19103F-16F7-4668-BE54-9A1E7A4F7556}") = "Links_Cards", "..\Links_Cards\Links_Cards.csproj", "{65CAC090-6F2F-4FAD-9381-B51412625A44}"
EndProject
Project("{9A19103F-16F7-4668-BE54-9A1E7A4F7556}") = "Links_Messages", "..\Links_Messages\Links_Messages.csproj", "{17D52E68-1E47-44D3-A90C-F36A58C2BF69}"
EndProject
Global
	GlobalSection(SolutionConfigurationPlatforms) = preSolution
		Debug|Any CPU = Debug|Any CPU
		Release|Any CPU = Release|Any CPU
	EndGlobalSection
	GlobalSection(ProjectConfigurationPlatforms) = postSolution
		{1EC12079-323A-4960-ACAE-12959A861EC6}.Debug|Any CPU.ActiveCfg = Debug|Any CPU
		{1EC12079-323A-4960-ACAE-12959A861EC6}.Debug|Any CPU.Build.0 = Debug|Any CPU
		{1EC12079-323A-4960-ACAE-12959A861EC6}.Release|Any CPU.ActiveCfg = Release|Any CPU
		{1EC12079-323A-4960-ACAE-12959A861EC6}.Release|Any CPU.Build.0 = Release|Any CPU
		{65CAC090-6F2F-4FAD-9381-B51412625A44}.Debug|Any CPU.ActiveCfg = Debug|Any CPU
		{65CAC090-6F2F-4FAD-9381-B51412625A44}.Debug|Any CPU.Build.0 = Debug|Any CPU
		{65CAC090-6F2F-4FAD-9381-B51412625A44}.Release|Any CPU.ActiveCfg = Release|Any CPU
		{65CAC090-6F2F-4FAD-9381-B51412625A44}.Release|Any CPU.Build.0 = Release|Any CPU
		{17D52E68-1E47-44D3-A90C-F36A58C2BF69}.Debug|Any CPU.ActiveCfg = Debug|Any CPU
		{17D52E68-1E47-44D3-A90C-F36A58C2BF69}.Debug|Any CPU.Build.0 = Debug|Any CPU
		{17D52E68-1E47-44D3-A90C-F36A58C2BF69}.Release|Any CPU.ActiveCfg = Release|Any CPU
		{17D52E68-1E47-44D3-A90C-F36A58C2BF69}.Release|Any CPU.Build.0 = Release|Any CPU
	EndGlobalSection
	GlobalSection(SolutionProperties) = preSolution
		HideSolutionNode = FALSE
	EndGlobalSection
	GlobalSection(ExtensibilityGlobals) = postSolution
		SolutionGuid = {719ED701-85BB-420E-B981-80868C81967D}
	EndGlobalSection
EndGlobal
